
Microsoft Visual Studio Solution File, Format Version 12.00
# Visual Studio Version 16
VisualStudioVersion = 16.0.30320.27
MinimumVisualStudioVersion = 10.0.40219.1
Project("{9A19103F-16F7-4668-BE54-9A1E7A4F7556}") = "Banking.TechnicalAssignment.Api", "Banking.TechnicalAssignment.Api\Banking.TechnicalAssignment.Api.csproj", "{56DA6F5C-98C4-4F99-BC88-7294B73C487A}"
EndProject
Project("{9A19103F-16F7-4668-BE54-9A1E7A4F7556}") = "Banking.TechnicalAssignment.Web", "Banking.TechnicalAssignment.Web\Banking.TechnicalAssignment.Web.csproj", "{8223650C-F794-4A41-ADBF-3C31B04A1A42}"
EndProject
Global
	GlobalSection(SolutionConfigurationPlatforms) = preSolution
		Debug|Any CPU = Debug|Any CPU
		Release|Any CPU = Release|Any CPU
	EndGlobalSection
	GlobalSection(ProjectConfigurationPlatforms) = postSolution
		{56DA6F5C-98C4-4F99-BC88-7294B73C487A}.Debug|Any CPU.ActiveCfg = Debug|Any CPU
		{56DA6F5C-98C4-4F99-BC88-7294B73C487A}.Debug|Any CPU.Build.0 = Debug|Any CPU
		{56DA6F5C-98C4-4F99-BC88-7294B73C487A}.Release|Any CPU.ActiveCfg = Release|Any CPU
		{56DA6F5C-98C4-4F99-BC88-7294B73C487A}.Release|Any CPU.Build.0 = Release|Any CPU
		{8223650C-F794-4A41-ADBF-3C31B04A1A42}.Debug|Any CPU.ActiveCfg = Debug|Any CPU
		{8223650C-F794-4A41-ADBF-3C31B04A1A42}.Debug|Any CPU.Build.0 = Debug|Any CPU
		{8223650C-F794-4A41-ADBF-3C31B04A1A42}.Release|Any CPU.ActiveCfg = Release|Any CPU
		{8223650C-F794-4A41-ADBF-3C31B04A1A42}.Release|Any CPU.Build.0 = Release|Any CPU
	EndGlobalSection
	GlobalSection(SolutionProperties) = preSolution
		HideSolutionNode = FALSE
	EndGlobalSection
	GlobalSection(ExtensibilityGlobals) = postSolution
		SolutionGuid = {BCADAFC1-1870-4CE3-95DA-DA6F961A8F59}
	EndGlobalSection
EndGlobal
