
Microsoft Visual Studio Solution File, Format Version 12.00
# Visual Studio Version 16
VisualStudioVersion = 16.0.30320.27
MinimumVisualStudioVersion = 10.0.40219.1
Project("{FAE04EC0-301F-11D3-BF4B-00C04F79EFBC}") = "Banking.TechnicalAssignment.Api", "Banking.TechnicalAssignment.Api\Banking.TechnicalAssignment.Api.csproj", "{56DA6F5C-98C4-4F99-BC88-7294B73C487A}"
EndProject
Global
	GlobalSection(SolutionConfigurationPlatforms) = preSolution
		Debug|Any CPU = Debug|Any CPU
		Release|Any CPU = Release|Any CPU
	EndGlobalSection
	GlobalSection(ProjectConfigurationPlatforms) = postSolution
		{56DA6F5C-98C4-4F99-BC88-7294B73C487A}.Debug|Any CPU.ActiveCfg = Debug|Any CPU
		{56DA6F5C-98C4-4F99-BC88-7294B73C487A}.Debug|Any CPU.Build.0 = Debug|Any CPU
		{56DA6F5C-98C4-4F99-BC88-7294B73C487A}.Release|Any CPU.ActiveCfg = Release|Any CPU
		{56DA6F5C-98C4-4F99-BC88-7294B73C487A}.Release|Any CPU.Build.0 = Release|Any CPU
	EndGlobalSection
	GlobalSection(SolutionProperties) = preSolution
		HideSolutionNode = FALSE
	EndGlobalSection
	GlobalSection(ExtensibilityGlobals) = postSolution
		SolutionGuid = {BCADAFC1-1870-4CE3-95DA-DA6F961A8F59}
	EndGlobalSection
EndGlobal
